lockfileVersion: 5.4

specifiers:
  luabundle: ^1.6.0
  luactor: git+https://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:x-oauth-basic@github.com/zxsleebu/luactor.git

dependencies:
  luabundle: 1.6.0
  luactor: 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+x-oauth-basic@github.com/zxsleebu/luactor/78763ed6c6f4a4308e89dd9befa7a5b1364fc30b

packages:

  /date-and-time/2.4.1:
    resolution: {integrity: sha512-fG+ClATev+wHryqxOoGcTTegr5RhYE+tz/XHUkTQ/zvpWqQ90oOxjOhuMQ02bw87Oy9N3qBENCHHHSKdWJjgTg==}
    dev: false

  /fengari/0.1.4:
    resolution: {integrity: sha512-6ujqUuiIYmcgkGz8MGAdERU57EIluGGPSUgGPTsco657EHa+srq0S3/YUl/r9kx1+D+d4rGfYObd+m8K22gB1g==}
    dependencies:
      readline-sync: 1.4.10
      sprintf-js: 1.1.2
      tmp: 0.0.33
    dev: false

  /luabundle/1.6.0:
    resolution: {integrity: sha512-WAiumy/R8GZIq4eCkFkOYXjAqxZUphGrKVvr5AG/obflBgV8ltiNLMF8nKbCmZvhR0b94S4rYFKisJ5eYJaRvA==}
    engines: {node: '>=8.0.0'}
    dependencies:
      moonsharp-luaparse: 0.2.4
      tslib: 1.14.1
    dev: false

  /luamin/1.0.4:
    resolution: {integrity: sha512-z1h0bclRD/QGsS/Dz4Skp9z0qPTmmm+IKcrCapGmdTczPWVdN9f9jk6WqkNrcifQr8+n9Pzsm9WkwpOH1JBUAQ==}
    hasBin: true
    dependencies:
      luaparse: 0.2.1
    dev: false

  /luaparse/0.2.1:
    resolution: {integrity: sha512-VKBcryd5nJte4ZNR29NOk8F/UkMipjeb4yoxcSS51z6QAzg9DXUC2WsfLniS0J1eh3pr/ZL3e9ha6V8fhoLbBQ==}
    hasBin: true
    dev: false

  /moonsharp-luaparse/0.2.4:
    resolution: {integrity: sha512-1bkZPHRVJhCzt681KnFxWB5fYQlmcOZuBAlzdcsdTSjDfL//sqjcH2L2bbbgxf/l5s1krpGL8Ba7twT7mdj91Q==}
    hasBin: true
    dev: false

  /os-tmpdir/1.0.2:
    resolution: {integrity: sha512-D2FR03Vir7FIu45XBY20mTb+/ZSWB00sjU9jdQXt83gDrI4Ztz5Fs7/yy74g2N5SVQY4xY1qDr4rNddwYRVX0g==}
    engines: {node: '>=0.10.0'}
    dev: false

  /readline-sync/1.4.10:
    resolution: {integrity: sha512-gNva8/6UAe8QYepIQH/jQ2qn91Qj0B9sYjMBBs3QOB8F2CXcKgLxQaJRP76sWVRQt+QU+8fAkCbCvjjMFu7Ycw==}
    engines: {node: '>= 0.8.0'}
    dev: false

  /sprintf-js/1.1.2:
    resolution: {integrity: sha512-VE0SOVEHCk7Qc8ulkWw3ntAzXuqf7S2lvwQaDLRnUeIEaKNQJzV6BwmLKhOqT61aGhfUMrXeaBk+oDGCzvhcug==}
    dev: false

  /tmp/0.0.33:
    resolution: {integrity: sha512-jRCJlojKnZ3addtTOjdIqoRuPEKBvNXcGYqzO6zWZX8KfKEpnGY5jfggJQ3EjKuu8D4bJRr0y+cYJFmYbImXGw==}
    engines: {node: '>=0.6.0'}
    dependencies:
      os-tmpdir: 1.0.2
    dev: false

  /tslib/1.14.1:
    resolution: {integrity: sha512-Xni35NKzjgMrwevysHTCArtLDpPvye8zV/0E4EyYn43P7/7qvQwPh9BGkHewbMulVntbigmcT7rdX3BNo9wRJg==}
    dev: false

  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+x-oauth-basic@github.com/zxsleebu/luactor/78763ed6c6f4a4308e89dd9befa7a5b1364fc30b:
    resolution: {commit: 78763ed6c6f4a4308e89dd9befa7a5b1364fc30b, repo: https://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:x-oauth-basic@github.com/zxsleebu/luactor.git, type: git}
    name: luactor
    version: 1.0.1
    dependencies:
      date-and-time: 2.4.1
      fengari: 0.1.4
      luamin: 1.0.4
    dev: false
